
Microsoft Visual Studio Solution File, Format Version 12.00
# Visual Studio Version 16
VisualStudioVersion = 16.0.29503.13
MinimumVisualStudioVersion = 10.0.40219.1
Project("{9A19103F-16F7-4668-BE54-9A1E7A4F7556}") = "MyCqrs", "MyCqrs\MyCqrs.csproj", "{E9117FFA-8334-439E-8F69-930B9B6760EC}"
EndProject
Project("{FAE04EC0-301F-11D3-BF4B-00C04F79EFBC}") = "NUnitTestMyCqrsProject", "NUnitTestMyCqrsProject\NUnitTestMyCqrsProject.csproj", "{BFF6F723-62AF-47F2-8622-A249B2046817}"
EndProject
Global
	GlobalSection(SolutionConfigurationPlatforms) = preSolution
		Debug|Any CPU = Debug|Any CPU
		Release|Any CPU = Release|Any CPU
	EndGlobalSection
	GlobalSection(ProjectConfigurationPlatforms) = postSolution
		{E9117FFA-8334-439E-8F69-930B9B6760EC}.Debug|Any CPU.ActiveCfg = Debug|Any CPU
		{E9117FFA-8334-439E-8F69-930B9B6760EC}.Debug|Any CPU.Build.0 = Debug|Any CPU
		{E9117FFA-8334-439E-8F69-930B9B6760EC}.Release|Any CPU.ActiveCfg = Release|Any CPU
		{E9117FFA-8334-439E-8F69-930B9B6760EC}.Release|Any CPU.Build.0 = Release|Any CPU
		{BFF6F723-62AF-47F2-8622-A249B2046817}.Debug|Any CPU.ActiveCfg = Debug|Any CPU
		{BFF6F723-62AF-47F2-8622-A249B2046817}.Debug|Any CPU.Build.0 = Debug|Any CPU
		{BFF6F723-62AF-47F2-8622-A249B2046817}.Release|Any CPU.ActiveCfg = Release|Any CPU
		{BFF6F723-62AF-47F2-8622-A249B2046817}.Release|Any CPU.Build.0 = Release|Any CPU
	EndGlobalSection
	GlobalSection(SolutionProperties) = preSolution
		HideSolutionNode = FALSE
	EndGlobalSection
	GlobalSection(ExtensibilityGlobals) = postSolution
		SolutionGuid = {F78BEA7B-208F-426D-A619-3B72030827CD}
	EndGlobalSection
EndGlobal
